
Microsoft Visual Studio Solution File, Format Version 12.00
# Visual Studio Version 17
VisualStudioVersion = 17.14.36414.22 d17.14
MinimumVisualStudioVersion = 10.0.40219.1
Project("{FAE04EC0-301F-11D3-BF4B-00C04F79EFBC}") = "CounterpointConnector", "CounterpointConnector.csproj", "{14D7F41A-4BBD-4EA9-A661-70045CC13C60}"
EndProject
Project("{FAE04EC0-301F-11D3-BF4B-00C04F79EFBC}") = "CounterpointConnector.Tests", "..\..\tests\CounterpointConnector.Tests\CounterpointConnector.Tests.csproj", "{46D45091-D8B6-4636-C503-5606139F4549}"
EndProject
Global
	GlobalSection(SolutionConfigurationPlatforms) = preSolution
		Debug|Any CPU = Debug|Any CPU
		Release|Any CPU = Release|Any CPU
	EndGlobalSection
	GlobalSection(ProjectConfigurationPlatforms) = postSolution
		{14D7F41A-4BBD-4EA9-A661-70045CC13C60}.Debug|Any CPU.ActiveCfg = Debug|Any CPU
		{14D7F41A-4BBD-4EA9-A661-70045CC13C60}.Debug|Any CPU.Build.0 = Debug|Any CPU
		{14D7F41A-4BBD-4EA9-A661-70045CC13C60}.Release|Any CPU.ActiveCfg = Release|Any CPU
		{14D7F41A-4BBD-4EA9-A661-70045CC13C60}.Release|Any CPU.Build.0 = Release|Any CPU
		{46D45091-D8B6-4636-C503-5606139F4549}.Debug|Any CPU.ActiveCfg = Debug|Any CPU
		{46D45091-D8B6-4636-C503-5606139F4549}.Debug|Any CPU.Build.0 = Debug|Any CPU
		{46D45091-D8B6-4636-C503-5606139F4549}.Release|Any CPU.ActiveCfg = Release|Any CPU
		{46D45091-D8B6-4636-C503-5606139F4549}.Release|Any CPU.Build.0 = Release|Any CPU
	EndGlobalSection
	GlobalSection(SolutionProperties) = preSolution
		HideSolutionNode = FALSE
	EndGlobalSection
	GlobalSection(ExtensibilityGlobals) = postSolution
		SolutionGuid = {D3B7256C-4019-4A12-97DD-359B29082992}
	EndGlobalSection
EndGlobal
